
Microsoft Visual Studio Solution File, Format Version 12.00
# Visual Studio Version 17
VisualStudioVersion = 17.0.31903.59
MinimumVisualStudioVersion = 10.0.40219.1
Project("{2150E333-8FDC-42A3-9474-1A3956D46DE8}") = "src", "src", "{827E0CD3-B72D-47B6-A68D-7590B98EB39B}"
EndProject
Project("{FAE04EC0-301F-11D3-BF4B-00C04F79EFBC}") = "UserManagement.Api", "src\UserManagement.Api\UserManagement.Api.csproj", "{B1C1BE5B-3A77-4A95-81F7-5D59A326ACE0}"
EndProject
Project("{FAE04EC0-301F-11D3-BF4B-00C04F79EFBC}") = "UserManagement.Tests", "src\UserManagement.Tests\UserManagement.Tests.csproj", "{746AAEC8-5EC3-4238-9C67-6D9B8AF3C165}"
EndProject
Global
	GlobalSection(SolutionConfigurationPlatforms) = preSolution
		Debug|Any CPU = Debug|Any CPU
		Debug|x64 = Debug|x64
		Debug|x86 = Debug|x86
		Release|Any CPU = Release|Any CPU
		Release|x64 = Release|x64
		Release|x86 = Release|x86
	EndGlobalSection
	GlobalSection(ProjectConfigurationPlatforms) = postSolution
		{B1C1BE5B-3A77-4A95-81F7-5D59A326ACE0}.Debug|Any CPU.ActiveCfg = Debug|Any CPU
		{B1C1BE5B-3A77-4A95-81F7-5D59A326ACE0}.Debug|Any CPU.Build.0 = Debug|Any CPU
		{B1C1BE5B-3A77-4A95-81F7-5D59A326ACE0}.Debug|x64.ActiveCfg = Debug|Any CPU
		{B1C1BE5B-3A77-4A95-81F7-5D59A326ACE0}.Debug|x64.Build.0 = Debug|Any CPU
		{B1C1BE5B-3A77-4A95-81F7-5D59A326ACE0}.Debug|x86.ActiveCfg = Debug|Any CPU
		{B1C1BE5B-3A77-4A95-81F7-5D59A326ACE0}.Debug|x86.Build.0 = Debug|Any CPU
		{B1C1BE5B-3A77-4A95-81F7-5D59A326ACE0}.Release|Any CPU.ActiveCfg = Release|Any CPU
		{B1C1BE5B-3A77-4A95-81F7-5D59A326ACE0}.Release|Any CPU.Build.0 = Release|Any CPU
		{B1C1BE5B-3A77-4A95-81F7-5D59A326ACE0}.Release|x64.ActiveCfg = Release|Any CPU
		{B1C1BE5B-3A77-4A95-81F7-5D59A326ACE0}.Release|x64.Build.0 = Release|Any CPU
		{B1C1BE5B-3A77-4A95-81F7-5D59A326ACE0}.Release|x86.ActiveCfg = Release|Any CPU
		{B1C1BE5B-3A77-4A95-81F7-5D59A326ACE0}.Release|x86.Build.0 = Release|Any CPU
		{746AAEC8-5EC3-4238-9C67-6D9B8AF3C165}.Debug|Any CPU.ActiveCfg = Debug|Any CPU
		{746AAEC8-5EC3-4238-9C67-6D9B8AF3C165}.Debug|Any CPU.Build.0 = Debug|Any CPU
		{746AAEC8-5EC3-4238-9C67-6D9B8AF3C165}.Debug|x64.ActiveCfg = Debug|Any CPU
		{746AAEC8-5EC3-4238-9C67-6D9B8AF3C165}.Debug|x64.Build.0 = Debug|Any CPU
		{746AAEC8-5EC3-4238-9C67-6D9B8AF3C165}.Debug|x86.ActiveCfg = Debug|Any CPU
		{746AAEC8-5EC3-4238-9C67-6D9B8AF3C165}.Debug|x86.Build.0 = Debug|Any CPU
		{746AAEC8-5EC3-4238-9C67-6D9B8AF3C165}.Release|Any CPU.ActiveCfg = Release|Any CPU
		{746AAEC8-5EC3-4238-9C67-6D9B8AF3C165}.Release|Any CPU.Build.0 = Release|Any CPU
		{746AAEC8-5EC3-4238-9C67-6D9B8AF3C165}.Release|x64.ActiveCfg = Release|Any CPU
		{746AAEC8-5EC3-4238-9C67-6D9B8AF3C165}.Release|x64.Build.0 = Release|Any CPU
		{746AAEC8-5EC3-4238-9C67-6D9B8AF3C165}.Release|x86.ActiveCfg = Release|Any CPU
		{746AAEC8-5EC3-4238-9C67-6D9B8AF3C165}.Release|x86.Build.0 = Release|Any CPU
	EndGlobalSection
	GlobalSection(SolutionProperties) = preSolution
		HideSolutionNode = FALSE
	EndGlobalSection
	GlobalSection(NestedProjects) = preSolution
		{B1C1BE5B-3A77-4A95-81F7-5D59A326ACE0} = {827E0CD3-B72D-47B6-A68D-7590B98EB39B}
		{746AAEC8-5EC3-4238-9C67-6D9B8AF3C165} = {827E0CD3-B72D-47B6-A68D-7590B98EB39B}
	EndGlobalSection
EndGlobal
